
Microsoft Visual Studio Solution File, Format Version 12.00
# Visual Studio Version 17
VisualStudioVersion = 17.12.35527.113 d17.12
MinimumVisualStudioVersion = 10.0.40219.1
Project("{FAE04EC0-301F-11D3-BF4B-00C04F79EFBC}") = "The_Project", "The_Project\The_Project.csproj", "{2722BAE1-7F9F-4229-B669-C668C4621E9F}"
EndProject
Project("{FAE04EC0-301F-11D3-BF4B-00C04F79EFBC}") = "Repository", "Repository\Repository.csproj", "{43555D2A-E80A-410D-B3BC-C22CA9D87954}"
EndProject
Project("{FAE04EC0-301F-11D3-BF4B-00C04F79EFBC}") = "Service", "Service\Service.csproj", "{6FC172CB-7C08-491E-87CA-5CFE31864846}"
EndProject
Project("{FAE04EC0-301F-11D3-BF4B-00C04F79EFBC}") = "Common", "Common\Common.csproj", "{A3A887ED-EEDF-4907-94E8-BD240C1042DE}"
EndProject
Project("{FAE04EC0-301F-11D3-BF4B-00C04F79EFBC}") = "Mock", "Mock\Mock.csproj", "{307F5AFF-7EAA-4D92-BBCF-665B197D0303}"
EndProject
Global
	GlobalSection(SolutionConfigurationPlatforms) = preSolution
		Debug|Any CPU = Debug|Any CPU
		Release|Any CPU = Release|Any CPU
	EndGlobalSection
	GlobalSection(ProjectConfigurationPlatforms) = postSolution
		{2722BAE1-7F9F-4229-B669-C668C4621E9F}.Debug|Any CPU.ActiveCfg = Debug|Any CPU
		{2722BAE1-7F9F-4229-B669-C668C4621E9F}.Debug|Any CPU.Build.0 = Debug|Any CPU
		{2722BAE1-7F9F-4229-B669-C668C4621E9F}.Release|Any CPU.ActiveCfg = Release|Any CPU
		{2722BAE1-7F9F-4229-B669-C668C4621E9F}.Release|Any CPU.Build.0 = Release|Any CPU
		{43555D2A-E80A-410D-B3BC-C22CA9D87954}.Debug|Any CPU.ActiveCfg = Debug|Any CPU
		{43555D2A-E80A-410D-B3BC-C22CA9D87954}.Debug|Any CPU.Build.0 = Debug|Any CPU
		{43555D2A-E80A-410D-B3BC-C22CA9D87954}.Release|Any CPU.ActiveCfg = Release|Any CPU
		{43555D2A-E80A-410D-B3BC-C22CA9D87954}.Release|Any CPU.Build.0 = Release|Any CPU
		{6FC172CB-7C08-491E-87CA-5CFE31864846}.Debug|Any CPU.ActiveCfg = Debug|Any CPU
		{6FC172CB-7C08-491E-87CA-5CFE31864846}.Debug|Any CPU.Build.0 = Debug|Any CPU
		{6FC172CB-7C08-491E-87CA-5CFE31864846}.Release|Any CPU.ActiveCfg = Release|Any CPU
		{6FC172CB-7C08-491E-87CA-5CFE31864846}.Release|Any CPU.Build.0 = Release|Any CPU
		{A3A887ED-EEDF-4907-94E8-BD240C1042DE}.Debug|Any CPU.ActiveCfg = Debug|Any CPU
		{A3A887ED-EEDF-4907-94E8-BD240C1042DE}.Debug|Any CPU.Build.0 = Debug|Any CPU
		{A3A887ED-EEDF-4907-94E8-BD240C1042DE}.Release|Any CPU.ActiveCfg = Release|Any CPU
		{A3A887ED-EEDF-4907-94E8-BD240C1042DE}.Release|Any CPU.Build.0 = Release|Any CPU
		{307F5AFF-7EAA-4D92-BBCF-665B197D0303}.Debug|Any CPU.ActiveCfg = Debug|Any CPU
		{307F5AFF-7EAA-4D92-BBCF-665B197D0303}.Debug|Any CPU.Build.0 = Debug|Any CPU
		{307F5AFF-7EAA-4D92-BBCF-665B197D0303}.Release|Any CPU.ActiveCfg = Release|Any CPU
		{307F5AFF-7EAA-4D92-BBCF-665B197D0303}.Release|Any CPU.Build.0 = Release|Any CPU
	EndGlobalSection
	GlobalSection(SolutionProperties) = preSolution
		HideSolutionNode = FALSE
	EndGlobalSection
EndGlobal
